<?xml version="1.0" encoding="utf-8"?>
<Project ToolsVersion="4.0" xmlns="http://schemas.microsoft.com/developer/msbuild/2003">
  <ItemGroup>
    <Filter Include="Generated Files">
      <UniqueIdentifier>{71ED8ED8-ACB9-4CE9-BBE1-E00B30144E11}</UniqueIdentifier>
      <Extensions>moc;h;cpp</Extensions>
      <SourceControlFiles>False</SourceControlFiles>
    </Filter>
    <Filter Include="Generated Files\Debug">
      <UniqueIdentifier>{a244c975-3b16-4860-a3b6-72cc7063ed77}</UniqueIdentifier>
      <Extensions>cpp;moc</Extensions>
      <SourceControlFiles>False</SourceControlFiles>
    </Filter>
    <Filter Include="Generated Files\Release">
      <UniqueIdentifier>{6399ce7f-f256-4096-bcc8-7e9c181808f0}</UniqueIdentifier>
      <Extensions>cpp;moc</Extensions>
      <SourceControlFiles>False</SourceControlFiles>
    </Filter>
    <Filter Include="StyleSheetEditor">
      <UniqueIdentifier>{c97abd74-4143-4488-a354-8420d3a6714c}</UniqueIdentifier>
    </Filter>
    <Filter Include="DebugLog">
      <UniqueIdentifier>{199884c7-38d2-4866-9193-eba356795cb9}</UniqueIdentifier>
    </Filter>
    <Filter Include="ThreadedOperation">
      <UniqueIdentifier>{4a1ba53d-a53b-404c-bbce-970085044329}</UniqueIdentifier>
    </Filter>
  </ItemGroup>
  <ItemGroup>
    <ClInclude Include="stdafx.h" />
    <ClInclude Include="Exception.h" />
    <ClInclude Include="StringUtils.h" />
    <ClInclude Include="RandomNumberGenerator.h" />
    <ClInclude Include="GeneratedFiles\ui_StyleSheetEditor.h">
      <Filter>Generated Files</Filter>
    </ClInclude>
    <ClInclude Include="DebugLog\DebugLogEntry.h">
      <Filter>DebugLog</Filter>
    </ClInclude>
    <ClInclude Include="GeneratedFiles\ui_DebugLogWindow.h">
      <Filter>Generated Files</Filter>
    </ClInclude>
    <ClInclude Include="GeneratedFiles\ui_ThreadedOperationDialog.h">
      <Filter>Generated Files</Filter>
    </ClInclude>
    <ClInclude Include="SystemUtils.h" />
  </ItemGroup>
  <ItemGroup>
    <ClCompile Include="stdafx.cpp" />
    <ClCompile Include="Exception.cpp" />
    <ClCompile Include="StringUtils.cpp" />
    <ClCompile Include="RandomNumberGenerator.cpp" />
    <ClCompile Include="StyleSheetEditor\StyleSheetEditor.cpp">
      <Filter>StyleSheetEditor</Filter>
    </ClCompile>
    <ClCompile Include="GeneratedFiles\Debug\moc_StyleSheetEditor.cpp">
      <Filter>Generated Files\Debug</Filter>
    </ClCompile>
    <ClCompile Include="GeneratedFiles\Release\moc_StyleSheetEditor.cpp">
      <Filter>Generated Files\Release</Filter>
    </ClCompile>
    <ClCompile Include="DebugLog\DebugLog.cpp">
      <Filter>DebugLog</Filter>
    </ClCompile>
    <ClCompile Include="DebugLog\DebugLogEntry.cpp">
      <Filter>DebugLog</Filter>
    </ClCompile>
    <ClCompile Include="GeneratedFiles\Debug\moc_DebugLog.cpp">
      <Filter>Generated Files\Debug</Filter>
    </ClCompile>
    <ClCompile Include="GeneratedFiles\Release\moc_DebugLog.cpp">
      <Filter>Generated Files\Release</Filter>
    </ClCompile>
    <ClCompile Include="DebugLog\DebugLogWindow.cpp">
      <Filter>DebugLog</Filter>
    </ClCompile>
    <ClCompile Include="GeneratedFiles\Debug\moc_DebugLogWindow.cpp">
      <Filter>Generated Files\Debug</Filter>
    </ClCompile>
    <ClCompile Include="GeneratedFiles\Release\moc_DebugLogWindow.cpp">
      <Filter>Generated Files\Release</Filter>
    </ClCompile>
    <ClCompile Include="GeneratedFiles\Debug\moc_DebugLogFilterProxyModel.cpp">
      <Filter>Generated Files\Debug</Filter>
    </ClCompile>
    <ClCompile Include="GeneratedFiles\Release\moc_DebugLogFilterProxyModel.cpp">
      <Filter>Generated Files\Release</Filter>
    </ClCompile>
    <ClCompile Include="DebugLog\DebugLogFilterProxyModel.cpp">
      <Filter>DebugLog</Filter>
    </ClCompile>
    <ClCompile Include="ThreadedOperation\ThreadedOperation.cpp">
      <Filter>ThreadedOperation</Filter>
    </ClCompile>
    <ClCompile Include="GeneratedFiles\Debug\moc_ThreadedOperation.cpp">
      <Filter>Generated Files\Debug</Filter>
    </ClCompile>
    <ClCompile Include="GeneratedFiles\Release\moc_ThreadedOperation.cpp">
      <Filter>Generated Files\Release</Filter>
    </ClCompile>
    <ClCompile Include="GeneratedFiles\Debug\moc_ThreadedOperationDialog.cpp">
      <Filter>Generated Files\Debug</Filter>
    </ClCompile>
    <ClCompile Include="GeneratedFiles\Release\moc_ThreadedOperationDialog.cpp">
      <Filter>Generated Files\Release</Filter>
    </ClCompile>
    <ClCompile Include="ThreadedOperation\ThreadedOperationDialog.cpp">
      <Filter>ThreadedOperation</Filter>
    </ClCompile>
    <ClCompile Include="SystemUtils.cpp" />
  </ItemGroup>
  <ItemGroup>
    <CustomBuild Include="StyleSheetEditor\StyleSheetEditor.h">
      <Filter>StyleSheetEditor</Filter>
    </CustomBuild>
    <CustomBuild Include="StyleSheetEditor\StyleSheetEditor.ui">
      <Filter>StyleSheetEditor</Filter>
    </CustomBuild>
    <CustomBuild Include="DebugLog\DebugLog.h">
      <Filter>DebugLog</Filter>
    </CustomBuild>
    <CustomBuild Include="DebugLog\DebugLogWindow.h">
      <Filter>DebugLog</Filter>
    </CustomBuild>
    <CustomBuild Include="DebugLog\DebugLogWindow.ui">
      <Filter>DebugLog</Filter>
    </CustomBuild>
    <CustomBuild Include="DebugLog\DebugLogFilterProxyModel.h">
      <Filter>DebugLog</Filter>
    </CustomBuild>
    <CustomBuild Include="ThreadedOperation\ThreadedOperation.h">
      <Filter>ThreadedOperation</Filter>
    </CustomBuild>
    <CustomBuild Include="ThreadedOperation\ThreadedOperationDialog.h">
      <Filter>ThreadedOperation</Filter>
    </CustomBuild>
    <CustomBuild Include="ThreadedOperation\ThreadedOperationDialog.ui">
      <Filter>ThreadedOperation</Filter>
    </CustomBuild>
  </ItemGroup>
</Project>