<?xml version="1.0" encoding="utf-8"?>
<Project ToolsVersion="4.0" xmlns="http://schemas.microsoft.com/developer/msbuild/2003">
  <ItemGroup>
    <Filter Include="Generated Files">
      <UniqueIdentifier>{71ED8ED8-ACB9-4CE9-BBE1-E00B30144E11}</UniqueIdentifier>
      <Extensions>moc;h;cpp</Extensions>
      <SourceControlFiles>False</SourceControlFiles>
    </Filter>
    <Filter Include="StyleSheetEditor">
      <UniqueIdentifier>{c97abd74-4143-4488-a354-8420d3a6714c}</UniqueIdentifier>
    </Filter>
    <Filter Include="DebugLog">
      <UniqueIdentifier>{199884c7-38d2-4866-9193-eba356795cb9}</UniqueIdentifier>
    </Filter>
    <Filter Include="ThreadedOperation">
      <UniqueIdentifier>{4a1ba53d-a53b-404c-bbce-970085044329}</UniqueIdentifier>
    </Filter>
    <Filter Include="Translation Files">
      <UniqueIdentifier>{639EADAA-A684-42e4-A9AD-28FC9BCB8F7C}</UniqueIdentifier>
      <Extensions>ts</Extensions>
      <ParseFiles>false</ParseFiles>
    </Filter>
    <Filter Include="GlobalShortcut">
      <UniqueIdentifier>{e3d04afe-b5e7-431d-a92d-03ab167d605c}</UniqueIdentifier>
    </Filter>
    <Filter Include="String">
      <UniqueIdentifier>{3724d3f9-2047-4a44-a79d-76cea7e51944}</UniqueIdentifier>
    </Filter>
    <Filter Include="File">
      <UniqueIdentifier>{7e7cd981-feb0-4549-b403-c7e75d0881f4}</UniqueIdentifier>
    </Filter>
    <Filter Include="Scoped">
      <UniqueIdentifier>{2f22fc4b-2163-4bef-af3d-03759c0f3dda}</UniqueIdentifier>
    </Filter>
  </ItemGroup>
  <ItemGroup>
    <ClInclude Include="stdafx.h" />
    <ClInclude Include="Exception.h" />
    <ClInclude Include="RandomNumberGenerator.h" />
    <ClInclude Include="GeneratedFiles\ui_StyleSheetEditor.h">
      <Filter>Generated Files</Filter>
    </ClInclude>
    <ClInclude Include="DebugLog\DebugLogEntry.h">
      <Filter>DebugLog</Filter>
    </ClInclude>
    <ClInclude Include="GeneratedFiles\ui_DebugLogWindow.h">
      <Filter>Generated Files</Filter>
    </ClInclude>
    <ClInclude Include="GeneratedFiles\ui_ThreadedOperationDialog.h">
      <Filter>Generated Files</Filter>
    </ClInclude>
    <ClInclude Include="SystemUtils.h" />
    <ClInclude Include="GlobalShortcut\GlobalShortcutManager.h">
      <Filter>GlobalShortcut</Filter>
    </ClInclude>
    <ClInclude Include="XMiLibConstants.h" />
    <ClInclude Include="String\StringUtils.h">
      <Filter>String</Filter>
    </ClInclude>
    <ClInclude Include="String\StringListEditorModel.h">
      <Filter>String</Filter>
    </ClInclude>
    <ClInclude Include="File\FileUtils.h">
      <Filter>File</Filter>
    </ClInclude>
    <ClInclude Include="File\CsvIO.h">
      <Filter>File</Filter>
    </ClInclude>
    <ClInclude Include="Scoped\ScopedGlobalMemoryLock.h">
      <Filter>Scoped</Filter>
    </ClInclude>
    <ClInclude Include="Scoped\ScopedClipboardAccess.h">
      <Filter>Scoped</Filter>
    </ClInclude>
  </ItemGroup>
  <ItemGroup>
    <ClCompile Include="stdafx.cpp" />
    <ClCompile Include="Exception.cpp" />
    <ClCompile Include="RandomNumberGenerator.cpp" />
    <ClCompile Include="StyleSheetEditor\StyleSheetEditor.cpp">
      <Filter>StyleSheetEditor</Filter>
    </ClCompile>
    <ClCompile Include="DebugLog\DebugLog.cpp">
      <Filter>DebugLog</Filter>
    </ClCompile>
    <ClCompile Include="DebugLog\DebugLogEntry.cpp">
      <Filter>DebugLog</Filter>
    </ClCompile>
    <ClCompile Include="DebugLog\DebugLogWindow.cpp">
      <Filter>DebugLog</Filter>
    </ClCompile>
    <ClCompile Include="DebugLog\DebugLogFilterProxyModel.cpp">
      <Filter>DebugLog</Filter>
    </ClCompile>
    <ClCompile Include="ThreadedOperation\ThreadedOperation.cpp">
      <Filter>ThreadedOperation</Filter>
    </ClCompile>
    <ClCompile Include="ThreadedOperation\ThreadedOperationDialog.cpp">
      <Filter>ThreadedOperation</Filter>
    </ClCompile>
    <ClCompile Include="SystemUtils.cpp" />
    <ClCompile Include="GlobalShortcut\GlobalShortcut.cpp">
      <Filter>GlobalShortcut</Filter>
    </ClCompile>
    <ClCompile Include="GlobalShortcut\GlobalShortcutManager.cpp">
      <Filter>GlobalShortcut</Filter>
    </ClCompile>
    <ClCompile Include="String\StringUtils.cpp">
      <Filter>String</Filter>
    </ClCompile>
    <ClCompile Include="String\StringListEditorDialog.cpp">
      <Filter>String</Filter>
    </ClCompile>
    <ClCompile Include="String\StringListEditorModel.cpp">
      <Filter>String</Filter>
    </ClCompile>
    <ClCompile Include="SingleInstanceApp.cpp" />
    <ClCompile Include="File\FileUtils.cpp">
      <Filter>File</Filter>
    </ClCompile>
    <ClCompile Include="File\CsvIO.cpp">
      <Filter>File</Filter>
    </ClCompile>
    <ClCompile Include="Scoped\ScopedGlobalMemoryLock.cpp">
      <Filter>Scoped</Filter>
    </ClCompile>
    <ClCompile Include="Scoped\ScopedClipboardAccess.cpp">
      <Filter>Scoped</Filter>
    </ClCompile>
  </ItemGroup>
  <ItemGroup>
    <QtMoc Include="StyleSheetEditor\StyleSheetEditor.h">
      <Filter>StyleSheetEditor</Filter>
    </QtMoc>
    <QtUic Include="StyleSheetEditor\StyleSheetEditor.ui">
      <Filter>StyleSheetEditor</Filter>
    </QtUic>
    <QtMoc Include="DebugLog\DebugLog.h">
      <Filter>DebugLog</Filter>
    </QtMoc>
    <QtMoc Include="DebugLog\DebugLogWindow.h">
      <Filter>DebugLog</Filter>
    </QtMoc>
    <QtUic Include="DebugLog\DebugLogWindow.ui">
      <Filter>DebugLog</Filter>
    </QtUic>
    <QtMoc Include="DebugLog\DebugLogFilterProxyModel.h">
      <Filter>DebugLog</Filter>
    </QtMoc>
    <QtMoc Include="ThreadedOperation\ThreadedOperation.h">
      <Filter>ThreadedOperation</Filter>
    </QtMoc>
    <QtMoc Include="ThreadedOperation\ThreadedOperationDialog.h">
      <Filter>ThreadedOperation</Filter>
    </QtMoc>
    <QtUic Include="ThreadedOperation\ThreadedOperationDialog.ui">
      <Filter>ThreadedOperation</Filter>
    </QtUic>
    <QtMoc Include="GlobalShortcut\GlobalShortcut.h">
      <Filter>GlobalShortcut</Filter>
    </QtMoc>
    <QtMoc Include="String\StringListEditorDialog.h">
      <Filter>String</Filter>
    </QtMoc>
    <QtMoc Include="SingleInstanceApp.h" />
  </ItemGroup>
  <ItemGroup>
    <None Include="Translations\xmilib_fr.ts">
      <Filter>Translation Files</Filter>
    </None>
    <None Include="Translations\xmilib_ru.ts">
      <Filter>Translation Files</Filter>
    </None>
    <None Include="Translations\xmilib_nl.ts">
      <Filter>Translation Files</Filter>
    </None>
    <None Include="Translations\xmilib_it.ts">
      <Filter>Translation Files</Filter>
    </None>
    <None Include="Translations\xmilib_de.ts">
      <Filter>Translation Files</Filter>
    </None>
    <None Include="Translations\xmilib_pl.ts">
      <Filter>Translation Files</Filter>
    </None>
    <None Include="Translations\xmilib_pt.ts">
      <Filter>Translation Files</Filter>
    </None>
    <None Include="Translations\xmilib_es.ts">
      <Filter>Translation Files</Filter>
    </None>
  </ItemGroup>
  <ItemGroup>
    <QtUic Include="String\StringListEditorDialog.ui">
      <Filter>String</Filter>
    </QtUic>
  </ItemGroup>
</Project>